
Microsoft Visual Studio Solution File, Format Version 12.00
# Visual Studio Version 16
VisualStudioVersion = 16.0.29424.173
MinimumVisualStudioVersion = 10.0.40219.1
Project("{FAE04EC0-301F-11D3-BF4B-00C04F79EFBC}") = "BankaTest", "BankaTest\BankaTest.csproj", "{92A2974D-5179-45FA-BDD0-51EDF48B72CB}"
EndProject
Global
	GlobalSection(SolutionConfigurationPlatforms) = preSolution
		Debug|Any CPU = Debug|Any CPU
		Release|Any CPU = Release|Any CPU
	EndGlobalSection
	GlobalSection(ProjectConfigurationPlatforms) = postSolution
		{92A2974D-5179-45FA-BDD0-51EDF48B72CB}.Debug|Any CPU.ActiveCfg = Debug|Any CPU
		{92A2974D-5179-45FA-BDD0-51EDF48B72CB}.Debug|Any CPU.Build.0 = Debug|Any CPU
		{92A2974D-5179-45FA-BDD0-51EDF48B72CB}.Release|Any CPU.ActiveCfg = Release|Any CPU
		{92A2974D-5179-45FA-BDD0-51EDF48B72CB}.Release|Any CPU.Build.0 = Release|Any CPU
	EndGlobalSection
	GlobalSection(SolutionProperties) = preSolution
		HideSolutionNode = FALSE
	EndGlobalSection
	GlobalSection(ExtensibilityGlobals) = postSolution
		SolutionGuid = {3D266D7A-E57F-4048-A246-4E74F14F6608}
	EndGlobalSection
EndGlobal
